
Microsoft Visual Studio Solution File, Format Version 12.00
# Visual Studio Version 17
VisualStudioVersion = 17.1.32319.34
MinimumVisualStudioVersion = 10.0.40219.1
Project("{FAE04EC0-301F-11D3-BF4B-00C04F79EFBC}") = "Vista", "Vista\Vista.csproj", "{E3E8B221-6630-4543-8CCB-BF2C03D668A4}"
EndProject
Project("{FAE04EC0-301F-11D3-BF4B-00C04F79EFBC}") = "Logica", "Persona\Logica.csproj", "{ACCE1777-A1A7-4C7F-AAA2-DFDDE3DAF556}"
EndProject
Global
	GlobalSection(SolutionConfigurationPlatforms) = preSolution
		Debug|Any CPU = Debug|Any CPU
		Release|Any CPU = Release|Any CPU
	EndGlobalSection
	GlobalSection(ProjectConfigurationPlatforms) = postSolution
		{E3E8B221-6630-4543-8CCB-BF2C03D668A4}.Debug|Any CPU.ActiveCfg = Debug|Any CPU
		{E3E8B221-6630-4543-8CCB-BF2C03D668A4}.Debug|Any CPU.Build.0 = Debug|Any CPU
		{E3E8B221-6630-4543-8CCB-BF2C03D668A4}.Release|Any CPU.ActiveCfg = Release|Any CPU
		{E3E8B221-6630-4543-8CCB-BF2C03D668A4}.Release|Any CPU.Build.0 = Release|Any CPU
		{ACCE1777-A1A7-4C7F-AAA2-DFDDE3DAF556}.Debug|Any CPU.ActiveCfg = Debug|Any CPU
		{ACCE1777-A1A7-4C7F-AAA2-DFDDE3DAF556}.Debug|Any CPU.Build.0 = Debug|Any CPU
		{ACCE1777-A1A7-4C7F-AAA2-DFDDE3DAF556}.Release|Any CPU.ActiveCfg = Release|Any CPU
		{ACCE1777-A1A7-4C7F-AAA2-DFDDE3DAF556}.Release|Any CPU.Build.0 = Release|Any CPU
	EndGlobalSection
	GlobalSection(SolutionProperties) = preSolution
		HideSolutionNode = FALSE
	EndGlobalSection
	GlobalSection(ExtensibilityGlobals) = postSolution
		SolutionGuid = {C120AE44-5CCE-40E0-9449-3AB0343D407B}
	EndGlobalSection
EndGlobal
